// !$*UTF8*$!
{
	archiveVersion = 1;
	classes = {
	};
	objectVersion = 50;
	objects = {

/* Begin PBXBuildFile section */
		101866DD24E2005A003B19CE /* AppDelegate.swift in Sources */ = {isa = PBXBuildFile; fileRef = 101866DC24E2005A003B19CE /* AppDelegate.swift */; };
		101866DF24E2005A003B19CE /* SceneDelegate.swift in Sources */ = {isa = PBXBuildFile; fileRef = 101866DE24E2005A003B19CE /* SceneDelegate.swift */; };
		101866E124E2005A003B19CE /* ViewController.swift in Sources */ = {isa = PBXBuildFile; fileRef = 101866E024E2005A003B19CE /* ViewController.swift */; };
		101866E424E2005A003B19CE /* Main.storyboard in Resources */ = {isa = PBXBuildFile; fileRef = 101866E224E2005A003B19CE /* Main.storyboard */; };
		101866E624E2005F003B19CE /* Assets.xcassets in Resources */ = {isa = PBXBuildFile; fileRef = 101866E524E2005F003B19CE /* Assets.xcassets */; };
		101866E924E2005F003B19CE /* LaunchScreen.storyboard in Resources */ = {isa = PBXBuildFile; fileRef = 101866E724E2005F003B19CE /* LaunchScreen.storyboard */; };
/* End PBXBuildFile section */

/* Begin PBXFileReference section */
		101866D924E2005A003B19CE /* DEVAPPS.TODOLIST.app */ = {isa = PBXFileReference; explicitFileType = wrapper.application; includeInIndex = 0; path = DEVAPPS.TODOLIST.app; sourceTree = BUILT_PRODUCTS_DIR; };
		101866DC24E2005A003B19CE /* AppDelegate.swift */ = {isa = PBXFileReference; lastKnownFileType = sourcecode.swift; path = AppDelegate.swift; sourceTree = "<group>"; };
		101866DE24E2005A003B19CE /* SceneDelegate.swift */ = {isa = PBXFileReference; lastKnownFileType = sourcecode.swift; path = SceneDelegate.swift; sourceTree = "<group>"; };
		101866E024E2005A003B19CE /* ViewController.swift */ = {isa = PBXFileReference; lastKnownFileType = sourcecode.swift; path = ViewController.swift; sourceTree = "<group>"; };
		101866E324E2005A003B19CE /* Base */ = {isa = PBXFileReference; lastKnownFileType = file.storyboard; name = Base; path = Base.lproj/Main.storyboard; sourceTree = "<group>"; };
		101866E524E2005F003B19CE /* Assets.xcassets */ = {isa = PBXFileReference; lastKnownFileType = folder.assetcatalog; path = Assets.xcassets; sourceTree = "<group>"; };
		101866E824E2005F003B19CE /* Base */ = {isa = PBXFileReference; lastKnownFileType = file.storyboard; name = Base; path = Base.lproj/LaunchScreen.storyboard; sourceTree = "<group>"; };
		101866EA24E2005F003B19CE /* Info.plist */ = {isa = PBXFileReference; lastKnownFileType = text.plist.xml; path = Info.plist; sourceTree = "<group>"; };
/* End PBXFileReference section */

/* Begin PBXFrameworksBuildPhase section */
		101866D624E2005A003B19CE /* Frameworks */ = {
			isa = PBXFrameworksBuildPhase;
			buildActionMask = 2147483647;
			files = (
			);
			runOnlyForDeploymentPostprocessing = 0;
		};
/* End PBXFrameworksBuildPhase section */

/* Begin PBXGroup section */
		101866D024E2005A003B19CE = {
			isa = PBXGroup;
			children = (
				101866DB24E2005A003B19CE /* DEVAPPS.TODOLIST */,
				101866DA24E2005A003B19CE /* Products */,
			);
			sourceTree = "<group>";
		};
		101866DA24E2005A003B19CE /* Products */ = {
			isa = PBXGroup;
			children = (
				101866D924E2005A003B19CE /* DEVAPPS.TODOLIST.app */,
			);
			name = Products;
			sourceTree = "<group>";
		};
		101866DB24E2005A003B19CE /* DEVAPPS.TODOLIST */ = {
			isa = PBXGroup;
			children = (
				101866DC24E2005A003B19CE /* AppDelegate.swift */,
				101866DE24E2005A003B19CE /* SceneDelegate.swift */,
				101866E024E2005A003B19CE /* ViewController.swift */,
				101866E224E2005A003B19CE /* Main.storyboard */,
				101866E524E2005F003B19CE /* Assets.xcassets */,
				101866E724E2005F003B19CE /* LaunchScreen.storyboard */,
				101866EA24E2005F003B19CE /* Info.plist */,
			);
			path = DEVAPPS.TODOLIST;
			sourceTree = "<group>";
		};
/* End PBXGroup section */

/* Begin PBXNativeTarget section */
		101866D824E2005A003B19CE /* DEVAPPS.TODOLIST */ = {
			isa = PBXNativeTarget;
			buildConfigurationList = 101866ED24E2005F003B19CE /* Build configuration list for PBXNativeTarget "DEVAPPS.TODOLIST" */;
			buildPhases = (
				101866D524E2005A003B19CE /* Sources */,
				101866D624E2005A003B19CE /* Frameworks */,
				101866D724E2005A003B19CE /* Resources */,
			);
			buildRules = (
			);
			dependencies = (
			);
			name = DEVAPPS.TODOLIST;
			productName = DEVAPPS.TODOLIST;
			productReference = 101866D924E2005A003B19CE /* DEVAPPS.TODOLIST.app */;
			productType = "com.apple.product-type.application";
		};
/* End PBXNativeTarget section */

/* Begin PBXProject section */
		101866D124E2005A003B19CE /* Project object */ = {
			isa = PBXProject;
			attributes = {
				LastSwiftUpdateCheck = 1160;
				LastUpgradeCheck = 1160;
				ORGANIZATIONNAME = "Priscylla Diniz";
				TargetAttributes = {
					101866D824E2005A003B19CE = {
						CreatedOnToolsVersion = 11.6;
					};
				};
			};
			buildConfigurationList = 101866D424E2005A003B19CE /* Build configuration list for PBXProject "DEVAPPS.TODOLIST" */;
			compatibilityVersion = "Xcode 9.3";
			developmentRegion = en;
			hasScannedForEncodings = 0;
			knownRegions = (
				en,
				Base,
			);
			mainGroup = 101866D024E2005A003B19CE;
			productRefGroup = 101866DA24E2005A003B19CE /* Products */;
			projectDirPath = "";
			projectRoot = "";
			targets = (
				101866D824E2005A003B19CE /* DEVAPPS.TODOLIST */,
			);
		};
/* End PBXProject section */

/* Begin PBXResourcesBuildPhase section */
		101866D724E2005A003B19CE /* Resources */ = {
			isa = PBXResourcesBuildPhase;
			buildActionMask = 2147483647;
			files = (
				101866E924E2005F003B19CE /* LaunchScreen.storyboard in Resources */,
				101866E624E2005F003B19CE /* Assets.xcassets in Resources */,
				101866E424E2005A003B19CE /* Main.storyboard in Resources */,
			);
			runOnlyForDeploymentPostprocessing = 0;
		};
/* End PBXResourcesBuildPhase section */

/* Begin PBXSourcesBuildPhase section */
		101866D524E2005A003B19CE /* Sources */ = {
			isa = PBXSourcesBuildPhase;
			buildActionMask = 2147483647;
			files = (
				101866E124E2005A003B19CE /* ViewController.swift in Sources */,
				101866DD24E2005A003B19CE /* AppDelegate.swift in Sources */,
				101866DF24E2005A003B19CE /* SceneDelegate.swift in Sources */,
			);
			runOnlyForDeploymentPostprocessing = 0;
		};
/* End PBXSourcesBuildPhase section */

/* Begin PBXVariantGroup section */
		101866E224E2005A003B19CE /* Main.storyboard */ = {
			isa = PBXVariantGroup;
			children = (
				101866E324E2005A003B19CE /* Base */,
			);
			name = Main.storyboard;
			sourceTree = "<group>";
		};
		101866E724E2005F003B19CE /* LaunchScreen.storyboard */ = {
			isa = PBXVariantGroup;
			children = (
				101866E824E2005F003B19CE /* Base */,
			);
			name = LaunchScreen.storyboard;
			sourceTree = "<group>";
		};
/* End PBXVariantGroup section */

/* Begin XCBuildConfiguration section */
		101866EB24E2005F003B19CE /* Debug */ = {
			isa = XCBuildConfiguration;
			buildSettings = {
				ALWAYS_SEARCH_USER_PATHS = NO;
				CLANG_ANALYZER_NONNULL = YES;
				CLANG_ANALYZER_NUMBER_OBJECT_CONVERSION = YES_AGGRESSIVE;
				CLANG_CXX_LANGUAGE_STANDARD = "gnu++14";
				CLANG_CXX_LIBRARY = "libc++";
				CLANG_ENABLE_MODULES = YES;
				CLANG_ENABLE_OBJC_ARC = YES;
				CLANG_ENABLE_OBJC_WEAK = YES;
				CLANG_WARN_BLOCK_CAPTURE_AUTORELEASING = YES;
				CLANG_WARN_BOOL_CONVERSION = YES;
				CLANG_WARN_COMMA = YES;
				CLANG_WARN_CONSTANT_CONVERSION = YES;
				CLANG_WARN_DEPRECATED_OBJC_IMPLEMENTATIONS = YES;
				CLANG_WARN_DIRECT_OBJC_ISA_USAGE = YES_ERROR;
				CLANG_WARN_DOCUMENTATION_COMMENTS = YES;
				CLANG_WARN_EMPTY_BODY = YES;
				CLANG_WARN_ENUM_CONVERSION = YES;
				CLANG_WARN_INFINITE_RECURSION = YES;
				CLANG_WARN_INT_CONVERSION = YES;
				CLANG_WARN_NON_LITERAL_NULL_CONVERSION = YES;
				CLANG_WARN_OBJC_IMPLICIT_RETAIN_SELF = YES;
				CLANG_WARN_OBJC_LITERAL_CONVERSION = YES;
				CLANG_WARN_OBJC_ROOT_CLASS = YES_ERROR;
				CLANG_WARN_RANGE_LOOP_ANALYSIS = YES;
				CLANG_WARN_STRICT_PROTOTYPES = YES;
				CLANG_WARN_SUSPICIOUS_MOVE = YES;
				CLANG_WARN_UNGUARDED_AVAILABILITY = YES_AGGRESSIVE;
				CLANG_WARN_UNREACHABLE_CODE = YES;
				CLANG_WARN__DUPLICATE_METHOD_MATCH = YES;
				COPY_PHASE_STRIP = NO;
				DEBUG_INFORMATION_FORMAT = dwarf;
				ENABLE_STRICT_OBJC_MSGSEND = YES;
				ENABLE_TESTABILITY = YES;
				GCC_C_LANGUAGE_STANDARD = gnu11;
				GCC_DYNAMIC_NO_PIC = NO;
				GCC_NO_COMMON_BLOCKS = YES;
				GCC_OPTIMIZATION_LEVEL = 0;
				GCC_PREPROCESSOR_DEFINITIONS = (
					"DEBUG=1",
					"$(inherited)",
				);
				GCC_WARN_64_TO_32_BIT_CONVERSION = YES;
				GCC_WARN_ABOUT_RETURN_TYPE = YES_ERROR;
				GCC_WARN_UNDECLARED_SELECTOR = YES;
				GCC_WARN_UNINITIALIZED_AUTOS = YES_AGGRESSIVE;
				GCC_WARN_UNUSED_FUNCTION = YES;
				GCC_WARN_UNUSED_VARIABLE = YES;
				IPHONEOS_DEPLOYMENT_TARGET = 13.6;
				MTL_ENABLE_DEBUG_INFO = INCLUDE_SOURCE;
				MTL_FAST_MATH = YES;
				ONLY_ACTIVE_ARCH = YES;
				SDKROOT = iphoneos;
				SWIFT_ACTIVE_COMPILATION_CONDITIONS = DEBUG;
				SWIFT_OPTIMIZATION_LEVEL = "-Onone";
			};
			name = Debug;
		};
		101866EC24E2005F003B19CE /* Release */ = {
			isa = XCBuildConfiguration;
			buildSettings = {
				ALWAYS_SEARCH_USER_PATHS = NO;
				CLANG_ANALYZER_NONNULL = YES;
				CLANG_ANALYZER_NUMBER_OBJECT_CONVERSION = YES_AGGRESSIVE;
				CLANG_CXX_LANGUAGE_STANDARD = "gnu++14";
				CLANG_CXX_LIBRARY = "libc++";
				CLANG_ENABLE_MODULES = YES;
				CLANG_ENABLE_OBJC_ARC = YES;
				CLANG_ENABLE_OBJC_WEAK = YES;
				CLANG_WARN_BLOCK_CAPTURE_AUTORELEASING = YES;
				CLANG_WARN_BOOL_CONVERSION = YES;
				CLANG_WARN_COMMA = YES;
				CLANG_WARN_CONSTANT_CONVERSION = YES;
				CLANG_WARN_DEPRECATED_OBJC_IMPLEMENTATIONS = YES;
				CLANG_WARN_DIRECT_OBJC_ISA_USAGE = YES_ERROR;
				CLANG_WARN_DOCUMENTATION_COMMENTS = YES;
				CLANG_WARN_EMPTY_BODY = YES;
				CLANG_WARN_ENUM_CONVERSION = YES;
				CLANG_WARN_INFINITE_RECURSION = YES;
				CLANG_WARN_INT_CONVERSION = YES;
				CLANG_WARN_NON_LITERAL_NULL_CONVERSION = YES;
				CLANG_WARN_OBJC_IMPLICIT_RETAIN_SELF = YES;
				CLANG_WARN_OBJC_LITERAL_CONVERSION = YES;
				CLANG_WARN_OBJC_ROOT_CLASS = YES_ERROR;
				CLANG_WARN_RANGE_LOOP_ANALYSIS = YES;
				CLANG_WARN_STRICT_PROTOTYPES = YES;
				CLANG_WARN_SUSPICIOUS_MOVE = YES;
				CLANG_WARN_UNGUARDED_AVAILABILITY = YES_AGGRESSIVE;
				CLANG_WARN_UNREACHABLE_CODE = YES;
				CLANG_WARN__DUPLICATE_METHOD_MATCH = YES;
				COPY_PHASE_STRIP = NO;
				DEBUG_INFORMATION_FORMAT = "dwarf-with-dsym";
				ENABLE_NS_ASSERTIONS = NO;
				ENABLE_STRICT_OBJC_MSGSEND = YES;
				GCC_C_LANGUAGE_STANDARD = gnu11;
				GCC_NO_COMMON_BLOCKS = YES;
				GCC_WARN_64_TO_32_BIT_CONVERSION = YES;
				GCC_WARN_ABOUT_RETURN_TYPE = YES_ERROR;
				GCC_WARN_UNDECLARED_SELECTOR = YES;
				GCC_WARN_UNINITIALIZED_AUTOS = YES_AGGRESSIVE;
				GCC_WARN_UNUSED_FUNCTION = YES;
				GCC_WARN_UNUSED_VARIABLE = YES;
				IPHONEOS_DEPLOYMENT_TARGET = 13.6;
				MTL_ENABLE_DEBUG_INFO = NO;
				MTL_FAST_MATH = YES;
				SDKROOT = iphoneos;
				SWIFT_COMPILATION_MODE = wholemodule;
				SWIFT_OPTIMIZATION_LEVEL = "-O";
				VALIDATE_PRODUCT = YES;
			};
			name = Release;
		};
		101866EE24E2005F003B19CE /* Debug */ = {
			isa = XCBuildConfiguration;
			buildSettings = {
				ASSETCATALOG_COMPILER_APPICON_NAME = AppIcon;
				CODE_SIGN_STYLE = Automatic;
				INFOPLIST_FILE = DEVAPPS.TODOLIST/Info.plist;
				LD_RUNPATH_SEARCH_PATHS = (
					"$(inherited)",
					"@executable_path/Frameworks",
				);
				PRODUCT_BUNDLE_IDENTIFIER = "school.cesar.IOSBasico3.DEVAPPS-TODOLIST";
				PRODUCT_NAME = "$(TARGET_NAME)";
				SWIFT_VERSION = 5.0;
				TARGETED_DEVICE_FAMILY = "1,2";
			};
			name = Debug;
		};
		101866EF24E2005F003B19CE /* Release */ = {
			isa = XCBuildConfiguration;
			buildSettings = {
				ASSETCATALOG_COMPILER_APPICON_NAME = AppIcon;
				CODE_SIGN_STYLE = Automatic;
				INFOPLIST_FILE = DEVAPPS.TODOLIST/Info.plist;
				LD_RUNPATH_SEARCH_PATHS = (
					"$(inherited)",
					"@executable_path/Frameworks",
				);
				PRODUCT_BUNDLE_IDENTIFIER = "school.cesar.IOSBasico3.DEVAPPS-TODOLIST";
				PRODUCT_NAME = "$(TARGET_NAME)";
				SWIFT_VERSION = 5.0;
				TARGETED_DEVICE_FAMILY = "1,2";
			};
			name = Release;
		};
/* End XCBuildConfiguration section */

/* Begin XCConfigurationList section */
		101866D424E2005A003B19CE /* Build configuration list for PBXProject "DEVAPPS.TODOLIST" */ = {
			isa = XCConfigurationList;
			buildConfigurations = (
				101866EB24E2005F003B19CE /* Debug */,
				101866EC24E2005F003B19CE /* Release */,
			);
			defaultConfigurationIsVisible = 0;
			defaultConfigurationName = Release;
		};
		101866ED24E2005F003B19CE /* Build configuration list for PBXNativeTarget "DEVAPPS.TODOLIST" */ = {
			isa = XCConfigurationList;
			buildConfigurations = (
				101866EE24E2005F003B19CE /* Debug */,
				101866EF24E2005F003B19CE /* Release */,
			);
			defaultConfigurationIsVisible = 0;
			defaultConfigurationName = Release;
		};
/* End XCConfigurationList section */
	};
	rootObject = 101866D124E2005A003B19CE /* Project object */;
}
